
Microsoft Visual Studio Solution File, Format Version 12.00
# Visual Studio Version 16
VisualStudioVersion = 16.0.32228.343
MinimumVisualStudioVersion = 10.0.40219.1
Project("{FAE04EC0-301F-11D3-BF4B-00C04F79EFBC}") = "SoapDemo", "SoapDemo\SoapDemo.csproj", "{8EE98D22-5F5E-4CDD-93A7-515EE183C0CE}"
EndProject
Global
	GlobalSection(SolutionConfigurationPlatforms) = preSolution
		Debug|Any CPU = Debug|Any CPU
		Release|Any CPU = Release|Any CPU
	EndGlobalSection
	GlobalSection(ProjectConfigurationPlatforms) = postSolution
		{8EE98D22-5F5E-4CDD-93A7-515EE183C0CE}.Debug|Any CPU.ActiveCfg = Debug|Any CPU
		{8EE98D22-5F5E-4CDD-93A7-515EE183C0CE}.Debug|Any CPU.Build.0 = Debug|Any CPU
		{8EE98D22-5F5E-4CDD-93A7-515EE183C0CE}.Release|Any CPU.ActiveCfg = Release|Any CPU
		{8EE98D22-5F5E-4CDD-93A7-515EE183C0CE}.Release|Any CPU.Build.0 = Release|Any CPU
	EndGlobalSection
	GlobalSection(SolutionProperties) = preSolution
		HideSolutionNode = FALSE
	EndGlobalSection
	GlobalSection(ExtensibilityGlobals) = postSolution
		SolutionGuid = {98540802-026E-47FF-9E84-028B9DB42226}
	EndGlobalSection
EndGlobal
